// !$*UTF8*$!
{
	archiveVersion = 1;
	classes = {};
	objectVersion = 77;
	objects = {

/* Begin PBXBuildFile section */
		A10000000000000000000090 = {isa = PBXBuildFile; fileRef = A10000000000000000000032; settings = {ATTRIBUTES = (RemoveHeadersOnCopy, ); }; };
/* End PBXBuildFile section */

/* Begin PBXContainerItemProxy section */
		A10000000000000000000021 = {isa = PBXContainerItemProxy; containerPortal = A10000000000000000000001; proxyType = 1; remoteGlobalIDString = A10000000000000000000010; remoteInfo = WalletLedger; };
		A10000000000000000000023 = {isa = PBXContainerItemProxy; containerPortal = A10000000000000000000001; proxyType = 1; remoteGlobalIDString = A10000000000000000000012; remoteInfo = WalletLedgerWidget; };
/* End PBXContainerItemProxy section */

/* Begin PBXFileReference section */
		A10000000000000000000030 = {isa = PBXFileReference; explicitFileType = wrapper.application; includeInIndex = 0; path = WalletLedger.app; sourceTree = BUILT_PRODUCTS_DIR; };
		A10000000000000000000031 = {isa = PBXFileReference; explicitFileType = wrapper.cfbundle; includeInIndex = 0; path = WalletLedgerTests.xctest; sourceTree = BUILT_PRODUCTS_DIR; };
		A10000000000000000000032 = {isa = PBXFileReference; explicitFileType = "wrapper.app-extension"; includeInIndex = 0; path = WalletLedgerWidget.appex; sourceTree = BUILT_PRODUCTS_DIR; };
/* End PBXFileReference section */

/* Begin PBXFileSystemSynchronizedBuildFileExceptionSet section */
		A10000000000000000000042 = {isa = PBXFileSystemSynchronizedBuildFileExceptionSet; membershipExceptions = (Info.plist,); target = A10000000000000000000010; };
		A10000000000000000000044 = {isa = PBXFileSystemSynchronizedBuildFileExceptionSet; membershipExceptions = (Info.plist, WalletLedgerWidget.entitlements,); target = A10000000000000000000012; };
/* End PBXFileSystemSynchronizedBuildFileExceptionSet section */

/* Begin PBXFileSystemSynchronizedRootGroup section */
		A10000000000000000000040 = {isa = PBXFileSystemSynchronizedRootGroup; exceptions = (A10000000000000000000042,); path = WalletLedger; sourceTree = "<group>"; };
		A10000000000000000000041 = {isa = PBXFileSystemSynchronizedRootGroup; path = WalletLedgerTests; sourceTree = "<group>"; };
		A10000000000000000000043 = {isa = PBXFileSystemSynchronizedRootGroup; exceptions = (A10000000000000000000044,); path = WalletLedgerWidget; sourceTree = "<group>"; };
		A10000000000000000000045 = {isa = PBXFileSystemSynchronizedRootGroup; path = WalletLedgerShared; sourceTree = "<group>"; };
/* End PBXFileSystemSynchronizedRootGroup section */

/* Begin PBXCopyFilesBuildPhase section */
		A10000000000000000000066 = {isa = PBXCopyFilesBuildPhase; buildActionMask = 2147483647; dstPath = ""; dstSubfolderSpec = 13; files = (A10000000000000000000090,); name = "Embed App Extensions"; runOnlyForDeploymentPostprocessing = 0; };
/* End PBXCopyFilesBuildPhase section */

/* Begin PBXFrameworksBuildPhase section */
		A10000000000000000000050 = {isa = PBXFrameworksBuildPhase; buildActionMask = 2147483647; files = (); runOnlyForDeploymentPostprocessing = 0; };
		A10000000000000000000051 = {isa = PBXFrameworksBuildPhase; buildActionMask = 2147483647; files = (); runOnlyForDeploymentPostprocessing = 0; };
		A10000000000000000000052 = {isa = PBXFrameworksBuildPhase; buildActionMask = 2147483647; files = (); runOnlyForDeploymentPostprocessing = 0; };
/* End PBXFrameworksBuildPhase section */

/* Begin PBXGroup section */
		A10000000000000000000002 = {isa = PBXGroup; children = (A10000000000000000000040, A10000000000000000000041, A10000000000000000000043, A10000000000000000000045, A10000000000000000000003,); sourceTree = "<group>"; };
		A10000000000000000000003 = {isa = PBXGroup; children = (A10000000000000000000030, A10000000000000000000031, A10000000000000000000032,); name = Products; sourceTree = "<group>"; };
/* End PBXGroup section */

/* Begin PBXNativeTarget section */
		A10000000000000000000010 = {isa = PBXNativeTarget; buildConfigurationList = A10000000000000000000070; buildPhases = (A10000000000000000000060, A10000000000000000000050, A10000000000000000000061, A10000000000000000000066,); buildRules = (); dependencies = (A10000000000000000000024,); fileSystemSynchronizedGroups = (A10000000000000000000040, A10000000000000000000045,); name = WalletLedger; packageProductDependencies = (); productName = WalletLedger; productReference = A10000000000000000000030; productType = "com.apple.product-type.application"; };
		A10000000000000000000011 = {isa = PBXNativeTarget; buildConfigurationList = A10000000000000000000071; buildPhases = (A10000000000000000000062, A10000000000000000000051, A10000000000000000000063,); buildRules = (); dependencies = (A10000000000000000000022,); fileSystemSynchronizedGroups = (A10000000000000000000041,); name = WalletLedgerTests; packageProductDependencies = (); productName = WalletLedgerTests; productReference = A10000000000000000000031; productType = "com.apple.product-type.bundle.unit-test"; };
		A10000000000000000000012 = {isa = PBXNativeTarget; buildConfigurationList = A10000000000000000000073; buildPhases = (A10000000000000000000064, A10000000000000000000052, A10000000000000000000065,); buildRules = (); dependencies = (); fileSystemSynchronizedGroups = (A10000000000000000000043, A10000000000000000000045,); name = WalletLedgerWidget; packageProductDependencies = (); productName = WalletLedgerWidget; productReference = A10000000000000000000032; productType = "com.apple.product-type.app-extension"; };
/* End PBXNativeTarget section */

/* Begin PBXProject section */
		A10000000000000000000001 = {isa = PBXProject; attributes = {BuildIndependentTargetsInParallel = 1; LastSwiftUpdateCheck = 2600; LastUpgradeCheck = 2600; TargetAttributes = {A10000000000000000000010 = {CreatedOnToolsVersion = 26.0; }; A10000000000000000000011 = {CreatedOnToolsVersion = 26.0; TestTargetID = A10000000000000000000010; }; A10000000000000000000012 = {CreatedOnToolsVersion = 26.0; }; }; }; buildConfigurationList = A10000000000000000000072; compatibilityVersion = "Xcode 16.0"; developmentRegion = en; hasScannedForEncodings = 0; knownRegions = (en, Base,); mainGroup = A10000000000000000000002; minimizedProjectReferenceProxies = 1; preferredProjectObjectVersion = 77; productRefGroup = A10000000000000000000003; projectDirPath = ""; projectRoot = ""; targets = (A10000000000000000000010, A10000000000000000000011, A10000000000000000000012,); };
/* End PBXProject section */

/* Begin PBXResourcesBuildPhase section */
		A10000000000000000000061 = {isa = PBXResourcesBuildPhase; buildActionMask = 2147483647; files = (); runOnlyForDeploymentPostprocessing = 0; };
		A10000000000000000000063 = {isa = PBXResourcesBuildPhase; buildActionMask = 2147483647; files = (); runOnlyForDeploymentPostprocessing = 0; };
		A10000000000000000000065 = {isa = PBXResourcesBuildPhase; buildActionMask = 2147483647; files = (); runOnlyForDeploymentPostprocessing = 0; };
/* End PBXResourcesBuildPhase section */

/* Begin PBXSourcesBuildPhase section */
		A10000000000000000000060 = {isa = PBXSourcesBuildPhase; buildActionMask = 2147483647; files = (); runOnlyForDeploymentPostprocessing = 0; };
		A10000000000000000000062 = {isa = PBXSourcesBuildPhase; buildActionMask = 2147483647; files = (); runOnlyForDeploymentPostprocessing = 0; };
		A10000000000000000000064 = {isa = PBXSourcesBuildPhase; buildActionMask = 2147483647; files = (); runOnlyForDeploymentPostprocessing = 0; };
/* End PBXSourcesBuildPhase section */

/* Begin PBXTargetDependency section */
		A10000000000000000000022 = {isa = PBXTargetDependency; target = A10000000000000000000010; targetProxy = A10000000000000000000021; };
		A10000000000000000000024 = {isa = PBXTargetDependency; target = A10000000000000000000012; targetProxy = A10000000000000000000023; };
/* End PBXTargetDependency section */

/* Begin XCBuildConfiguration section */
		A10000000000000000000080 = {isa = XCBuildConfiguration; buildSettings = {ALWAYS_SEARCH_USER_PATHS = NO; CLANG_ENABLE_MODULES = YES; CLANG_ENABLE_OBJC_ARC = YES; COPY_PHASE_STRIP = NO; DEBUG_INFORMATION_FORMAT = dwarf; ENABLE_TESTABILITY = YES; GCC_C_LANGUAGE_STANDARD = gnu17; GCC_OPTIMIZATION_LEVEL = 0; IPHONEOS_DEPLOYMENT_TARGET = 17.0; MTL_ENABLE_DEBUG_INFO = INCLUDE_SOURCE; ONLY_ACTIVE_ARCH = YES; SDKROOT = iphoneos; SWIFT_ACTIVE_COMPILATION_CONDITIONS = "DEBUG $(inherited)"; SWIFT_OPTIMIZATION_LEVEL = "-Onone"; }; name = Debug; };
		A10000000000000000000081 = {isa = XCBuildConfiguration; buildSettings = {ALWAYS_SEARCH_USER_PATHS = NO; CLANG_ENABLE_MODULES = YES; CLANG_ENABLE_OBJC_ARC = YES; COPY_PHASE_STRIP = NO; DEBUG_INFORMATION_FORMAT = "dwarf-with-dsym"; ENABLE_NS_ASSERTIONS = NO; GCC_C_LANGUAGE_STANDARD = gnu17; IPHONEOS_DEPLOYMENT_TARGET = 17.0; MTL_ENABLE_DEBUG_INFO = NO; SDKROOT = iphoneos; SWIFT_COMPILATION_MODE = wholemodule; SWIFT_OPTIMIZATION_LEVEL = "-O"; VALIDATE_PRODUCT = YES; }; name = Release; };
		A10000000000000000000082 = {isa = XCBuildConfiguration; buildSettings = {ASSETCATALOG_COMPILER_APPICON_NAME = AppIcon; ASSETCATALOG_COMPILER_GLOBAL_ACCENT_COLOR_NAME = AccentColor; CODE_SIGN_ENTITLEMENTS = WalletLedger/WalletLedger.entitlements; CODE_SIGN_STYLE = Automatic; CURRENT_PROJECT_VERSION = 9; DEVELOPMENT_ASSET_PATHS = ""; ENABLE_PREVIEWS = YES; GENERATE_INFOPLIST_FILE = NO; INFOPLIST_FILE = WalletLedger/Info.plist; MARKETING_VERSION = 2.0.0; PRODUCT_BUNDLE_IDENTIFIER = org.medx.WalletLedger; PRODUCT_NAME = "$(TARGET_NAME)"; SWIFT_EMIT_LOC_STRINGS = YES; SWIFT_STRICT_CONCURRENCY = targeted; SWIFT_VERSION = 6.0; TARGETED_DEVICE_FAMILY = "1,2"; }; name = Debug; };
		A10000000000000000000083 = {isa = XCBuildConfiguration; buildSettings = {ASSETCATALOG_COMPILER_APPICON_NAME = AppIcon; ASSETCATALOG_COMPILER_GLOBAL_ACCENT_COLOR_NAME = AccentColor; CODE_SIGN_ENTITLEMENTS = WalletLedger/WalletLedger.entitlements; CODE_SIGN_STYLE = Automatic; CURRENT_PROJECT_VERSION = 9; ENABLE_PREVIEWS = YES; GENERATE_INFOPLIST_FILE = NO; INFOPLIST_FILE = WalletLedger/Info.plist; MARKETING_VERSION = 2.0.0; PRODUCT_BUNDLE_IDENTIFIER = org.medx.WalletLedger; PRODUCT_NAME = "$(TARGET_NAME)"; SWIFT_EMIT_LOC_STRINGS = YES; SWIFT_STRICT_CONCURRENCY = targeted; SWIFT_VERSION = 6.0; TARGETED_DEVICE_FAMILY = "1,2"; }; name = Release; };
		A10000000000000000000084 = {isa = XCBuildConfiguration; buildSettings = {BUNDLE_LOADER = "$(TEST_HOST)"; CODE_SIGN_STYLE = Automatic; CURRENT_PROJECT_VERSION = 1; GENERATE_INFOPLIST_FILE = YES; IPHONEOS_DEPLOYMENT_TARGET = 17.0; PRODUCT_BUNDLE_IDENTIFIER = org.medx.WalletLedgerTests; PRODUCT_NAME = "$(TARGET_NAME)"; SWIFT_VERSION = 6.0; TARGETED_DEVICE_FAMILY = "1,2"; TEST_HOST = "$(BUILT_PRODUCTS_DIR)/WalletLedger.app/$(BUNDLE_EXECUTABLE_FOLDER_PATH)/WalletLedger"; }; name = Debug; };
		A10000000000000000000085 = {isa = XCBuildConfiguration; buildSettings = {BUNDLE_LOADER = "$(TEST_HOST)"; CODE_SIGN_STYLE = Automatic; CURRENT_PROJECT_VERSION = 1; GENERATE_INFOPLIST_FILE = YES; IPHONEOS_DEPLOYMENT_TARGET = 17.0; PRODUCT_BUNDLE_IDENTIFIER = org.medx.WalletLedgerTests; PRODUCT_NAME = "$(TARGET_NAME)"; SWIFT_VERSION = 6.0; TARGETED_DEVICE_FAMILY = "1,2"; TEST_HOST = "$(BUILT_PRODUCTS_DIR)/WalletLedger.app/$(BUNDLE_EXECUTABLE_FOLDER_PATH)/WalletLedger"; }; name = Release; };
		A10000000000000000000086 = {isa = XCBuildConfiguration; buildSettings = {APPLICATION_EXTENSION_API_ONLY = YES; CODE_SIGN_ENTITLEMENTS = WalletLedgerWidget/WalletLedgerWidget.entitlements; CODE_SIGN_STYLE = Automatic; CURRENT_PROJECT_VERSION = 9; GENERATE_INFOPLIST_FILE = NO; INFOPLIST_FILE = WalletLedgerWidget/Info.plist; IPHONEOS_DEPLOYMENT_TARGET = 17.0; MARKETING_VERSION = 2.0.0; PRODUCT_BUNDLE_IDENTIFIER = org.medx.WalletLedger.Widget; PRODUCT_NAME = "$(TARGET_NAME)"; SKIP_INSTALL = YES; SWIFT_EMIT_LOC_STRINGS = YES; SWIFT_VERSION = 6.0; TARGETED_DEVICE_FAMILY = "1,2"; }; name = Debug; };
		A10000000000000000000087 = {isa = XCBuildConfiguration; buildSettings = {APPLICATION_EXTENSION_API_ONLY = YES; CODE_SIGN_ENTITLEMENTS = WalletLedgerWidget/WalletLedgerWidget.entitlements; CODE_SIGN_STYLE = Automatic; CURRENT_PROJECT_VERSION = 9; GENERATE_INFOPLIST_FILE = NO; INFOPLIST_FILE = WalletLedgerWidget/Info.plist; IPHONEOS_DEPLOYMENT_TARGET = 17.0; MARKETING_VERSION = 2.0.0; PRODUCT_BUNDLE_IDENTIFIER = org.medx.WalletLedger.Widget; PRODUCT_NAME = "$(TARGET_NAME)"; SKIP_INSTALL = YES; SWIFT_EMIT_LOC_STRINGS = YES; SWIFT_VERSION = 6.0; TARGETED_DEVICE_FAMILY = "1,2"; }; name = Release; };
/* End XCBuildConfiguration section */

/* Begin XCConfigurationList section */
		A10000000000000000000070 = {isa = XCConfigurationList; buildConfigurations = (A10000000000000000000082, A10000000000000000000083,); defaultConfigurationIsVisible = 0; defaultConfigurationName = Release; };
		A10000000000000000000071 = {isa = XCConfigurationList; buildConfigurations = (A10000000000000000000084, A10000000000000000000085,); defaultConfigurationIsVisible = 0; defaultConfigurationName = Release; };
		A10000000000000000000072 = {isa = XCConfigurationList; buildConfigurations = (A10000000000000000000080, A10000000000000000000081,); defaultConfigurationIsVisible = 0; defaultConfigurationName = Release; };
		A10000000000000000000073 = {isa = XCConfigurationList; buildConfigurations = (A10000000000000000000086, A10000000000000000000087,); defaultConfigurationIsVisible = 0; defaultConfigurationName = Release; };
/* End XCConfigurationList section */
	};
	rootObject = A10000000000000000000001;
}
